// !$*UTF8*$!
{
	archiveVersion = 1;
	classes = {
	};
	objectVersion = 46;
	objects = {

/* Begin PBXBuildFile section */
		7A6599651A379ED200212583 /* GODetailViewController.m in Sources */ = {isa = PBXBuildFile; fileRef = 7A6599641A379ED200212583 /* GODetailViewController.m */; };
		7A715FA51A2E1BF4008874EC /* GOTimersViewController.m in Sources */ = {isa = PBXBuildFile; fileRef = 7A715FA41A2E1BF4008874EC /* GOTimersViewController.m */; };
		7A715FA81A2E1D75008874EC /* GOTimerStore.m in Sources */ = {isa = PBXBuildFile; fileRef = 7A715FA71A2E1D75008874EC /* GOTimerStore.m */; };
		7A715FAB1A2E2085008874EC /* GOTimer.m in Sources */ = {isa = PBXBuildFile; fileRef = 7A715FAA1A2E2085008874EC /* GOTimer.m */; };
		7A9DE9651A1FA70900D10C37 /* main.m in Sources */ = {isa = PBXBuildFile; fileRef = 7A9DE9641A1FA70900D10C37 /* main.m */; };
		7A9DE9681A1FA70900D10C37 /* AppDelegate.m in Sources */ = {isa = PBXBuildFile; fileRef = 7A9DE9671A1FA70900D10C37 /* AppDelegate.m */; };
		7A9DE9711A1FA70900D10C37 /* Main.storyboard in Resources */ = {isa = PBXBuildFile; fileRef = 7A9DE96F1A1FA70900D10C37 /* Main.storyboard */; };
		7A9DE9761A1FA70900D10C37 /* LaunchScreen.xib in Resources */ = {isa = PBXBuildFile; fileRef = 7A9DE9741A1FA70900D10C37 /* LaunchScreen.xib */; };
		7A9DE9821A1FA70900D10C37 /* ChainEventsTests.m in Sources */ = {isa = PBXBuildFile; fileRef = 7A9DE9811A1FA70900D10C37 /* ChainEventsTests.m */; };
		7ADA4D051A37B46F0088B3D9 /* GORepeatViewController.m in Sources */ = {isa = PBXBuildFile; fileRef = 7ADA4D041A37B46F0088B3D9 /* GORepeatViewController.m */; };
		C22F430E1A43849D0078A651 /* GOTimersState.m in Sources */ = {isa = PBXBuildFile; fileRef = C22F430D1A43849D0078A651 /* GOTimersState.m */; };
		C2378B9F1A4228B40068CEDB /* alarm_beep.caf in Resources */ = {isa = PBXBuildFile; fileRef = C2378B9E1A4228B40068CEDB /* alarm_beep.caf */; };
		C275654C1A3F7E290094116E /* CircleLineButton.m in Sources */ = {isa = PBXBuildFile; fileRef = C275654B1A3F7E290094116E /* CircleLineButton.m */; };
		C275654F1A42264D0094116E /* alarm.caf in Resources */ = {isa = PBXBuildFile; fileRef = C275654E1A42264D0094116E /* alarm.caf */; };
		C28F1D951A3CC82A00531EE3 /* GOPlayViewController.m in Sources */ = {isa = PBXBuildFile; fileRef = C28F1D941A3CC82A00531EE3 /* GOPlayViewController.m */; };
		C2BFFBCF1A45D63D00DF8E56 /* GOTimeDateFormatter.m in Sources */ = {isa = PBXBuildFile; fileRef = C2BFFBCE1A45D63D00DF8E56 /* GOTimeDateFormatter.m */; };
		C2BFFBD11A477B5E00DF8E56 /* Images.xcassets in Resources */ = {isa = PBXBuildFile; fileRef = C2BFFBD01A477B5E00DF8E56 /* Images.xcassets */; };
/* End PBXBuildFile section */

/* Begin PBXContainerItemProxy section */
		7A9DE97C1A1FA70900D10C37 /* PBXContainerItemProxy */ = {
			isa = PBXContainerItemProxy;
			containerPortal = 7A9DE9571A1FA70900D10C37 /* Project object */;
			proxyType = 1;
			remoteGlobalIDString = 7A9DE95E1A1FA70900D10C37;
			remoteInfo = ChainEvents;
		};
/* End PBXContainerItemProxy section */

/* Begin PBXFileReference section */
		7A6599631A379ED200212583 /* GODetailViewController.h */ = {isa = PBXFileReference; fileEncoding = 4; lastKnownFileType = sourcecode.c.h; path = GODetailViewController.h; sourceTree = "<group>"; };
		7A6599641A379ED200212583 /* GODetailViewController.m */ = {isa = PBXFileReference; fileEncoding = 4; lastKnownFileType = sourcecode.c.objc; path = GODetailViewController.m; sourceTree = "<group>"; };
		7A715FA31A2E1BF4008874EC /* GOTimersViewController.h */ = {isa = PBXFileReference; fileEncoding = 4; lastKnownFileType = sourcecode.c.h; path = GOTimersViewController.h; sourceTree = "<group>"; };
		7A715FA41A2E1BF4008874EC /* GOTimersViewController.m */ = {isa = PBXFileReference; fileEncoding = 4; lastKnownFileType = sourcecode.c.objc; path = GOTimersViewController.m; sourceTree = "<group>"; };
		7A715FA61A2E1D75008874EC /* GOTimerStore.h */ = {isa = PBXFileReference; fileEncoding = 4; lastKnownFileType = sourcecode.c.h; path = GOTimerStore.h; sourceTree = "<group>"; };
		7A715FA71A2E1D75008874EC /* GOTimerStore.m */ = {isa = PBXFileReference; fileEncoding = 4; lastKnownFileType = sourcecode.c.objc; path = GOTimerStore.m; sourceTree = "<group>"; };
		7A715FA91A2E2085008874EC /* GOTimer.h */ = {isa = PBXFileReference; fileEncoding = 4; lastKnownFileType = sourcecode.c.h; path = GOTimer.h; sourceTree = "<group>"; };
		7A715FAA1A2E2085008874EC /* GOTimer.m */ = {isa = PBXFileReference; fileEncoding = 4; lastKnownFileType = sourcecode.c.objc; path = GOTimer.m; sourceTree = "<group>"; };
		7A9DE95F1A1FA70900D10C37 /* ChainEvents.app */ = {isa = PBXFileReference; explicitFileType = wrapper.application; includeInIndex = 0; path = ChainEvents.app; sourceTree = BUILT_PRODUCTS_DIR; };
		7A9DE9631A1FA70900D10C37 /* Info.plist */ = {isa = PBXFileReference; lastKnownFileType = text.plist.xml; path = Info.plist; sourceTree = "<group>"; };
		7A9DE9641A1FA70900D10C37 /* main.m */ = {isa = PBXFileReference; lastKnownFileType = sourcecode.c.objc; path = main.m; sourceTree = "<group>"; };
		7A9DE9661A1FA70900D10C37 /* AppDelegate.h */ = {isa = PBXFileReference; lastKnownFileType = sourcecode.c.h; path = AppDelegate.h; sourceTree = "<group>"; };
		7A9DE9671A1FA70900D10C37 /* AppDelegate.m */ = {isa = PBXFileReference; lastKnownFileType = sourcecode.c.objc; path = AppDelegate.m; sourceTree = "<group>"; };
		7A9DE9701A1FA70900D10C37 /* Base */ = {isa = PBXFileReference; lastKnownFileType = file.storyboard; name = Base; path = Base.lproj/Main.storyboard; sourceTree = "<group>"; };
		7A9DE9751A1FA70900D10C37 /* Base */ = {isa = PBXFileReference; lastKnownFileType = file.xib; name = Base; path = Base.lproj/LaunchScreen.xib; sourceTree = "<group>"; };
		7A9DE97B1A1FA70900D10C37 /* ChainEventsTests.xctest */ = {isa = PBXFileReference; explicitFileType = wrapper.cfbundle; includeInIndex = 0; path = ChainEventsTests.xctest; sourceTree = BUILT_PRODUCTS_DIR; };
		7A9DE9801A1FA70900D10C37 /* Info.plist */ = {isa = PBXFileReference; lastKnownFileType = text.plist.xml; path = Info.plist; sourceTree = "<group>"; };
		7A9DE9811A1FA70900D10C37 /* ChainEventsTests.m */ = {isa = PBXFileReference; lastKnownFileType = sourcecode.c.objc; path = ChainEventsTests.m; sourceTree = "<group>"; };
		7ADA4D031A37B46F0088B3D9 /* GORepeatViewController.h */ = {isa = PBXFileReference; fileEncoding = 4; lastKnownFileType = sourcecode.c.h; path = GORepeatViewController.h; sourceTree = "<group>"; };
		7ADA4D041A37B46F0088B3D9 /* GORepeatViewController.m */ = {isa = PBXFileReference; fileEncoding = 4; lastKnownFileType = sourcecode.c.objc; path = GORepeatViewController.m; sourceTree = "<group>"; };
		C22F430C1A43849D0078A651 /* GOTimersState.h */ = {isa = PBXFileReference; fileEncoding = 4; lastKnownFileType = sourcecode.c.h; path = GOTimersState.h; sourceTree = "<group>"; };
		C22F430D1A43849D0078A651 /* GOTimersState.m */ = {isa = PBXFileReference; fileEncoding = 4; lastKnownFileType = sourcecode.c.objc; path = GOTimersState.m; sourceTree = "<group>"; };
		C2378B9E1A4228B40068CEDB /* alarm_beep.caf */ = {isa = PBXFileReference; lastKnownFileType = file; name = alarm_beep.caf; path = ../alarm_beep.caf; sourceTree = "<group>"; };
		C275654A1A3F7E290094116E /* CircleLineButton.h */ = {isa = PBXFileReference; fileEncoding = 4; lastKnownFileType = sourcecode.c.h; path = CircleLineButton.h; sourceTree = "<group>"; };
		C275654B1A3F7E290094116E /* CircleLineButton.m */ = {isa = PBXFileReference; fileEncoding = 4; lastKnownFileType = sourcecode.c.objc; path = CircleLineButton.m; sourceTree = "<group>"; };
		C275654E1A42264D0094116E /* alarm.caf */ = {isa = PBXFileReference; lastKnownFileType = file; name = alarm.caf; path = ../alarm.caf; sourceTree = "<group>"; };
		C28F1D931A3CC82A00531EE3 /* GOPlayViewController.h */ = {isa = PBXFileReference; fileEncoding = 4; lastKnownFileType = sourcecode.c.h; path = GOPlayViewController.h; sourceTree = "<group>"; };
		C28F1D941A3CC82A00531EE3 /* GOPlayViewController.m */ = {isa = PBXFileReference; fileEncoding = 4; lastKnownFileType = sourcecode.c.objc; path = GOPlayViewController.m; sourceTree = "<group>"; };
		C2BFFBCD1A45D63D00DF8E56 /* GOTimeDateFormatter.h */ = {isa = PBXFileReference; fileEncoding = 4; lastKnownFileType = sourcecode.c.h; path = GOTimeDateFormatter.h; sourceTree = "<group>"; };
		C2BFFBCE1A45D63D00DF8E56 /* GOTimeDateFormatter.m */ = {isa = PBXFileReference; fileEncoding = 4; lastKnownFileType = sourcecode.c.objc; path = GOTimeDateFormatter.m; sourceTree = "<group>"; };
		C2BFFBD01A477B5E00DF8E56 /* Images.xcassets */ = {isa = PBXFileReference; lastKnownFileType = folder.assetcatalog; name = Images.xcassets; path = ChainEvents/Images.xcassets; sourceTree = "<group>"; };
/* End PBXFileReference section */

/* Begin PBXFrameworksBuildPhase section */
		7A9DE95C1A1FA70900D10C37 /* Frameworks */ = {
			isa = PBXFrameworksBuildPhase;
			buildActionMask = 2147483647;
			files = (
			);
			runOnlyForDeploymentPostprocessing = 0;
		};
		7A9DE9781A1FA70900D10C37 /* Frameworks */ = {
			isa = PBXFrameworksBuildPhase;
			buildActionMask = 2147483647;
			files = (
			);
			runOnlyForDeploymentPostprocessing = 0;
		};
/* End PBXFrameworksBuildPhase section */

/* Begin PBXGroup section */
		7A9DE9561A1FA70900D10C37 = {
			isa = PBXGroup;
			children = (
				C2BFFBD01A477B5E00DF8E56 /* Images.xcassets */,
				7A9DE9611A1FA70900D10C37 /* ChainEvents */,
				7A9DE97E1A1FA70900D10C37 /* ChainEventsTests */,
				7A9DE9601A1FA70900D10C37 /* Products */,
			);
			sourceTree = "<group>";
		};
		7A9DE9601A1FA70900D10C37 /* Products */ = {
			isa = PBXGroup;
			children = (
				7A9DE95F1A1FA70900D10C37 /* ChainEvents.app */,
				7A9DE97B1A1FA70900D10C37 /* ChainEventsTests.xctest */,
			);
			name = Products;
			sourceTree = "<group>";
		};
		7A9DE9611A1FA70900D10C37 /* ChainEvents */ = {
			isa = PBXGroup;
			children = (
				C22F430F1A447C230078A651 /* Model */,
				C22F43111A447C790078A651 /* View */,
				C22F43101A447C630078A651 /* Controller */,
				7A9DE9661A1FA70900D10C37 /* AppDelegate.h */,
				7A9DE9671A1FA70900D10C37 /* AppDelegate.m */,
				7A9DE9621A1FA70900D10C37 /* Supporting Files */,
			);
			path = ChainEvents;
			sourceTree = "<group>";
		};
		7A9DE9621A1FA70900D10C37 /* Supporting Files */ = {
			isa = PBXGroup;
			children = (
				C2378B9E1A4228B40068CEDB /* alarm_beep.caf */,
				C275654E1A42264D0094116E /* alarm.caf */,
				7A9DE9631A1FA70900D10C37 /* Info.plist */,
				7A9DE9641A1FA70900D10C37 /* main.m */,
			);
			name = "Supporting Files";
			sourceTree = "<group>";
		};
		7A9DE97E1A1FA70900D10C37 /* ChainEventsTests */ = {
			isa = PBXGroup;
			children = (
				7A9DE9811A1FA70900D10C37 /* ChainEventsTests.m */,
				7A9DE97F1A1FA70900D10C37 /* Supporting Files */,
			);
			path = ChainEventsTests;
			sourceTree = "<group>";
		};
		7A9DE97F1A1FA70900D10C37 /* Supporting Files */ = {
			isa = PBXGroup;
			children = (
				7A9DE9801A1FA70900D10C37 /* Info.plist */,
			);
			name = "Supporting Files";
			sourceTree = "<group>";
		};
		C22F430F1A447C230078A651 /* Model */ = {
			isa = PBXGroup;
			children = (
				C2BFFBCD1A45D63D00DF8E56 /* GOTimeDateFormatter.h */,
				C2BFFBCE1A45D63D00DF8E56 /* GOTimeDateFormatter.m */,
				C22F430C1A43849D0078A651 /* GOTimersState.h */,
				C22F430D1A43849D0078A651 /* GOTimersState.m */,
				7A715FA61A2E1D75008874EC /* GOTimerStore.h */,
				7A715FA71A2E1D75008874EC /* GOTimerStore.m */,
				7A715FA91A2E2085008874EC /* GOTimer.h */,
				7A715FAA1A2E2085008874EC /* GOTimer.m */,
			);
			name = Model;
			sourceTree = "<group>";
		};
		C22F43101A447C630078A651 /* Controller */ = {
			isa = PBXGroup;
			children = (
				C28F1D931A3CC82A00531EE3 /* GOPlayViewController.h */,
				C28F1D941A3CC82A00531EE3 /* GOPlayViewController.m */,
				C275654A1A3F7E290094116E /* CircleLineButton.h */,
				C275654B1A3F7E290094116E /* CircleLineButton.m */,
				7ADA4D031A37B46F0088B3D9 /* GORepeatViewController.h */,
				7ADA4D041A37B46F0088B3D9 /* GORepeatViewController.m */,
				7A6599631A379ED200212583 /* GODetailViewController.h */,
				7A6599641A379ED200212583 /* GODetailViewController.m */,
				7A715FA31A2E1BF4008874EC /* GOTimersViewController.h */,
				7A715FA41A2E1BF4008874EC /* GOTimersViewController.m */,
			);
			name = Controller;
			sourceTree = "<group>";
		};
		C22F43111A447C790078A651 /* View */ = {
			isa = PBXGroup;
			children = (
				7A9DE9741A1FA70900D10C37 /* LaunchScreen.xib */,
				7A9DE96F1A1FA70900D10C37 /* Main.storyboard */,
			);
			name = View;
			sourceTree = "<group>";
		};
/* End PBXGroup section */

/* Begin PBXNativeTarget section */
		7A9DE95E1A1FA70900D10C37 /* ChainEvents */ = {
			isa = PBXNativeTarget;
			buildConfigurationList = 7A9DE9851A1FA70900D10C37 /* Build configuration list for PBXNativeTarget "ChainEvents" */;
			buildPhases = (
				7A9DE95B1A1FA70900D10C37 /* Sources */,
				7A9DE95C1A1FA70900D10C37 /* Frameworks */,
				7A9DE95D1A1FA70900D10C37 /* Resources */,
			);
			buildRules = (
			);
			dependencies = (
			);
			name = ChainEvents;
			productName = ChainEvents;
			productReference = 7A9DE95F1A1FA70900D10C37 /* ChainEvents.app */;
			productType = "com.apple.product-type.application";
		};
		7A9DE97A1A1FA70900D10C37 /* ChainEventsTests */ = {
			isa = PBXNativeTarget;
			buildConfigurationList = 7A9DE9881A1FA70900D10C37 /* Build configuration list for PBXNativeTarget "ChainEventsTests" */;
			buildPhases = (
				7A9DE9771A1FA70900D10C37 /* Sources */,
				7A9DE9781A1FA70900D10C37 /* Frameworks */,
				7A9DE9791A1FA70900D10C37 /* Resources */,
			);
			buildRules = (
			);
			dependencies = (
				7A9DE97D1A1FA70900D10C37 /* PBXTargetDependency */,
			);
			name = ChainEventsTests;
			productName = ChainEventsTests;
			productReference = 7A9DE97B1A1FA70900D10C37 /* ChainEventsTests.xctest */;
			productType = "com.apple.product-type.bundle.unit-test";
		};
/* End PBXNativeTarget section */

/* Begin PBXProject section */
		7A9DE9571A1FA70900D10C37 /* Project object */ = {
			isa = PBXProject;
			attributes = {
				LastUpgradeCheck = 0600;
				ORGANIZATIONNAME = "Ger O'Sullivan";
				TargetAttributes = {
					7A9DE95E1A1FA70900D10C37 = {
						CreatedOnToolsVersion = 6.0.1;
						DevelopmentTeam = M2389TRL2P;
					};
					7A9DE97A1A1FA70900D10C37 = {
						CreatedOnToolsVersion = 6.0.1;
						TestTargetID = 7A9DE95E1A1FA70900D10C37;
					};
				};
			};
			buildConfigurationList = 7A9DE95A1A1FA70900D10C37 /* Build configuration list for PBXProject "ChainEvents" */;
			compatibilityVersion = "Xcode 3.2";
			developmentRegion = English;
			hasScannedForEncodings = 0;
			knownRegions = (
				en,
				Base,
			);
			mainGroup = 7A9DE9561A1FA70900D10C37;
			productRefGroup = 7A9DE9601A1FA70900D10C37 /* Products */;
			projectDirPath = "";
			projectRoot = "";
			targets = (
				7A9DE95E1A1FA70900D10C37 /* ChainEvents */,
				7A9DE97A1A1FA70900D10C37 /* ChainEventsTests */,
			);
		};
/* End PBXProject section */

/* Begin PBXResourcesBuildPhase section */
		7A9DE95D1A1FA70900D10C37 /* Resources */ = {
			isa = PBXResourcesBuildPhase;
			buildActionMask = 2147483647;
			files = (
				7A9DE9711A1FA70900D10C37 /* Main.storyboard in Resources */,
				C2BFFBD11A477B5E00DF8E56 /* Images.xcassets in Resources */,
				7A9DE9761A1FA70900D10C37 /* LaunchScreen.xib in Resources */,
				C275654F1A42264D0094116E /* alarm.caf in Resources */,
				C2378B9F1A4228B40068CEDB /* alarm_beep.caf in Resources */,
			);
			runOnlyForDeploymentPostprocessing = 0;
		};
		7A9DE9791A1FA70900D10C37 /* Resources */ = {
			isa = PBXResourcesBuildPhase;
			buildActionMask = 2147483647;
			files = (
			);
			runOnlyForDeploymentPostprocessing = 0;
		};
/* End PBXResourcesBuildPhase section */

/* Begin PBXSourcesBuildPhase section */
		7A9DE95B1A1FA70900D10C37 /* Sources */ = {
			isa = PBXSourcesBuildPhase;
			buildActionMask = 2147483647;
			files = (
				C2BFFBCF1A45D63D00DF8E56 /* GOTimeDateFormatter.m in Sources */,
				7A9DE9681A1FA70900D10C37 /* AppDelegate.m in Sources */,
				7A9DE9651A1FA70900D10C37 /* main.m in Sources */,
				7A715FA81A2E1D75008874EC /* GOTimerStore.m in Sources */,
				7A715FA51A2E1BF4008874EC /* GOTimersViewController.m in Sources */,
				C28F1D951A3CC82A00531EE3 /* GOPlayViewController.m in Sources */,
				7A715FAB1A2E2085008874EC /* GOTimer.m in Sources */,
				7ADA4D051A37B46F0088B3D9 /* GORepeatViewController.m in Sources */,
				C22F430E1A43849D0078A651 /* GOTimersState.m in Sources */,
				C275654C1A3F7E290094116E /* CircleLineButton.m in Sources */,
				7A6599651A379ED200212583 /* GODetailViewController.m in Sources */,
			);
			runOnlyForDeploymentPostprocessing = 0;
		};
		7A9DE9771A1FA70900D10C37 /* Sources */ = {
			isa = PBXSourcesBuildPhase;
			buildActionMask = 2147483647;
			files = (
				7A9DE9821A1FA70900D10C37 /* ChainEventsTests.m in Sources */,
			);
			runOnlyForDeploymentPostprocessing = 0;
		};
/* End PBXSourcesBuildPhase section */

/* Begin PBXTargetDependency section */
		7A9DE97D1A1FA70900D10C37 /* PBXTargetDependency */ = {
			isa = PBXTargetDependency;
			target = 7A9DE95E1A1FA70900D10C37 /* ChainEvents */;
			targetProxy = 7A9DE97C1A1FA70900D10C37 /* PBXContainerItemProxy */;
		};
/* End PBXTargetDependency section */

/* Begin PBXVariantGroup section */
		7A9DE96F1A1FA70900D10C37 /* Main.storyboard */ = {
			isa = PBXVariantGroup;
			children = (
				7A9DE9701A1FA70900D10C37 /* Base */,
			);
			name = Main.storyboard;
			sourceTree = "<group>";
		};
		7A9DE9741A1FA70900D10C37 /* LaunchScreen.xib */ = {
			isa = PBXVariantGroup;
			children = (
				7A9DE9751A1FA70900D10C37 /* Base */,
			);
			name = LaunchScreen.xib;
			sourceTree = "<group>";
		};
/* End PBXVariantGroup section */

/* Begin XCBuildConfiguration section */
		7A9DE9831A1FA70900D10C37 /* Debug */ = {
			isa = XCBuildConfiguration;
			buildSettings = {
				ALWAYS_SEARCH_USER_PATHS = NO;
				CLANG_CXX_LANGUAGE_STANDARD = "gnu++0x";
				CLANG_CXX_LIBRARY = "libc++";
				CLANG_ENABLE_MODULES = YES;
				CLANG_ENABLE_OBJC_ARC = YES;
				CLANG_WARN_BOOL_CONVERSION = YES;
				CLANG_WARN_CONSTANT_CONVERSION = YES;
				CLANG_WARN_DIRECT_OBJC_ISA_USAGE = YES_ERROR;
				CLANG_WARN_EMPTY_BODY = YES;
				CLANG_WARN_ENUM_CONVERSION = YES;
				CLANG_WARN_INT_CONVERSION = YES;
				CLANG_WARN_OBJC_ROOT_CLASS = YES_ERROR;
				CLANG_WARN_UNREACHABLE_CODE = YES;
				CLANG_WARN__DUPLICATE_METHOD_MATCH = YES;
				"CODE_SIGN_IDENTITY[sdk=iphoneos*]" = "iPhone Developer";
				COPY_PHASE_STRIP = NO;
				ENABLE_STRICT_OBJC_MSGSEND = YES;
				GCC_C_LANGUAGE_STANDARD = gnu99;
				GCC_DYNAMIC_NO_PIC = NO;
				GCC_OPTIMIZATION_LEVEL = 0;
				GCC_PREPROCESSOR_DEFINITIONS = (
					"DEBUG=1",
					"$(inherited)",
				);
				GCC_SYMBOLS_PRIVATE_EXTERN = NO;
				GCC_WARN_64_TO_32_BIT_CONVERSION = YES;
				GCC_WARN_ABOUT_RETURN_TYPE = YES_ERROR;
				GCC_WARN_UNDECLARED_SELECTOR = YES;
				GCC_WARN_UNINITIALIZED_AUTOS = YES_AGGRESSIVE;
				GCC_WARN_UNUSED_FUNCTION = YES;
				GCC_WARN_UNUSED_VARIABLE = YES;
				IPHONEOS_DEPLOYMENT_TARGET = 7.0;
				MTL_ENABLE_DEBUG_INFO = YES;
				ONLY_ACTIVE_ARCH = YES;
				SDKROOT = iphoneos;
				TARGETED_DEVICE_FAMILY = "1,2";
			};
			name = Debug;
		};
		7A9DE9841A1FA70900D10C37 /* Release */ = {
			isa = XCBuildConfiguration;
			buildSettings = {
				ALWAYS_SEARCH_USER_PATHS = NO;
				CLANG_CXX_LANGUAGE_STANDARD = "gnu++0x";
				CLANG_CXX_LIBRARY = "libc++";
				CLANG_ENABLE_MODULES = YES;
				CLANG_ENABLE_OBJC_ARC = YES;
				CLANG_WARN_BOOL_CONVERSION = YES;
				CLANG_WARN_CONSTANT_CONVERSION = YES;
				CLANG_WARN_DIRECT_OBJC_ISA_USAGE = YES_ERROR;
				CLANG_WARN_EMPTY_BODY = YES;
				CLANG_WARN_ENUM_CONVERSION = YES;
				CLANG_WARN_INT_CONVERSION = YES;
				CLANG_WARN_OBJC_ROOT_CLASS = YES_ERROR;
				CLANG_WARN_UNREACHABLE_CODE = YES;
				CLANG_WARN__DUPLICATE_METHOD_MATCH = YES;
				"CODE_SIGN_IDENTITY[sdk=iphoneos*]" = "iPhone Developer";
				COPY_PHASE_STRIP = YES;
				ENABLE_NS_ASSERTIONS = NO;
				ENABLE_STRICT_OBJC_MSGSEND = YES;
				GCC_C_LANGUAGE_STANDARD = gnu99;
				GCC_WARN_64_TO_32_BIT_CONVERSION = YES;
				GCC_WARN_ABOUT_RETURN_TYPE = YES_ERROR;
				GCC_WARN_UNDECLARED_SELECTOR = YES;
				GCC_WARN_UNINITIALIZED_AUTOS = YES_AGGRESSIVE;
				GCC_WARN_UNUSED_FUNCTION = YES;
				GCC_WARN_UNUSED_VARIABLE = YES;
				IPHONEOS_DEPLOYMENT_TARGET = 7.0;
				MTL_ENABLE_DEBUG_INFO = NO;
				SDKROOT = iphoneos;
				TARGETED_DEVICE_FAMILY = "1,2";
				VALIDATE_PRODUCT = YES;
			};
			name = Release;
		};
		7A9DE9861A1FA70900D10C37 /* Debug */ = {
			isa = XCBuildConfiguration;
			buildSettings = {
				ASSETCATALOG_COMPILER_APPICON_NAME = AppIcon;
				ASSETCATALOG_COMPILER_LAUNCHIMAGE_NAME = LaunchImage;
				CODE_SIGN_IDENTITY = "iPhone Developer";
				"CODE_SIGN_IDENTITY[sdk=iphoneos*]" = "iPhone Developer";
				INFOPLIST_FILE = ChainEvents/Info.plist;
				IPHONEOS_DEPLOYMENT_TARGET = 7.0;
				LD_RUNPATH_SEARCH_PATHS = "$(inherited) @executable_path/Frameworks";
				PRODUCT_NAME = "$(TARGET_NAME)";
				PROVISIONING_PROFILE = "";
			};
			name = Debug;
		};
		7A9DE9871A1FA70900D10C37 /* Release */ = {
			isa = XCBuildConfiguration;
			buildSettings = {
				ASSETCATALOG_COMPILER_APPICON_NAME = AppIcon;
				ASSETCATALOG_COMPILER_LAUNCHIMAGE_NAME = LaunchImage;
				CODE_SIGN_IDENTITY = "iPhone Developer";
				"CODE_SIGN_IDENTITY[sdk=iphoneos*]" = "iPhone Developer";
				INFOPLIST_FILE = ChainEvents/Info.plist;
				IPHONEOS_DEPLOYMENT_TARGET = 7.0;
				LD_RUNPATH_SEARCH_PATHS = "$(inherited) @executable_path/Frameworks";
				PRODUCT_NAME = "$(TARGET_NAME)";
				PROVISIONING_PROFILE = "";
			};
			name = Release;
		};
		7A9DE9891A1FA70900D10C37 /* Debug */ = {
			isa = XCBuildConfiguration;
			buildSettings = {
				BUNDLE_LOADER = "$(TEST_HOST)";
				FRAMEWORK_SEARCH_PATHS = (
					"$(SDKROOT)/Developer/Library/Frameworks",
					"$(inherited)",
				);
				GCC_PREPROCESSOR_DEFINITIONS = (
					"DEBUG=1",
					"$(inherited)",
				);
				INFOPLIST_FILE = ChainEventsTests/Info.plist;
				LD_RUNPATH_SEARCH_PATHS = "$(inherited) @executable_path/Frameworks @loader_path/Frameworks";
				PRODUCT_NAME = "$(TARGET_NAME)";
				TEST_HOST = "$(BUILT_PRODUCTS_DIR)/ChainEvents.app/ChainEvents";
			};
			name = Debug;
		};
		7A9DE98A1A1FA70900D10C37 /* Release */ = {
			isa = XCBuildConfiguration;
			buildSettings = {
				BUNDLE_LOADER = "$(TEST_HOST)";
				FRAMEWORK_SEARCH_PATHS = (
					"$(SDKROOT)/Developer/Library/Frameworks",
					"$(inherited)",
				);
				INFOPLIST_FILE = ChainEventsTests/Info.plist;
				LD_RUNPATH_SEARCH_PATHS = "$(inherited) @executable_path/Frameworks @loader_path/Frameworks";
				PRODUCT_NAME = "$(TARGET_NAME)";
				TEST_HOST = "$(BUILT_PRODUCTS_DIR)/ChainEvents.app/ChainEvents";
			};
			name = Release;
		};
/* End XCBuildConfiguration section */

/* Begin XCConfigurationList section */
		7A9DE95A1A1FA70900D10C37 /* Build configuration list for PBXProject "ChainEvents" */ = {
			isa = XCConfigurationList;
			buildConfigurations = (
				7A9DE9831A1FA70900D10C37 /* Debug */,
				7A9DE9841A1FA70900D10C37 /* Release */,
			);
			defaultConfigurationIsVisible = 0;
			defaultConfigurationName = Release;
		};
		7A9DE9851A1FA70900D10C37 /* Build configuration list for PBXNativeTarget "ChainEvents" */ = {
			isa = XCConfigurationList;
			buildConfigurations = (
				7A9DE9861A1FA70900D10C37 /* Debug */,
				7A9DE9871A1FA70900D10C37 /* Release */,
			);
			defaultConfigurationIsVisible = 0;
			defaultConfigurationName = Release;
		};
		7A9DE9881A1FA70900D10C37 /* Build configuration list for PBXNativeTarget "ChainEventsTests" */ = {
			isa = XCConfigurationList;
			buildConfigurations = (
				7A9DE9891A1FA70900D10C37 /* Debug */,
				7A9DE98A1A1FA70900D10C37 /* Release */,
			);
			defaultConfigurationIsVisible = 0;
			defaultConfigurationName = Release;
		};
/* End XCConfigurationList section */
	};
	rootObject = 7A9DE9571A1FA70900D10C37 /* Project object */;
}
